
Microsoft Visual Studio Solution File, Format Version 12.00
# Visual Studio Version 17
VisualStudioVersion = 17.1.32407.343
MinimumVisualStudioVersion = 10.0.40219.1
Project("{FAE04EC0-301F-11D3-BF4B-00C04F79EFBC}") = "Calc", "Calc\Calc.csproj", "{F1B00245-8975-424C-B0CF-6E052E1F890D}"
EndProject
Global
	GlobalSection(SolutionConfigurationPlatforms) = preSolution
		Debug|Any CPU = Debug|Any CPU
		Release|Any CPU = Release|Any CPU
	EndGlobalSection
	GlobalSection(ProjectConfigurationPlatforms) = postSolution
		{F1B00245-8975-424C-B0CF-6E052E1F890D}.Debug|Any CPU.ActiveCfg = Debug|Any CPU
		{F1B00245-8975-424C-B0CF-6E052E1F890D}.Debug|Any CPU.Build.0 = Debug|Any CPU
		{F1B00245-8975-424C-B0CF-6E052E1F890D}.Release|Any CPU.ActiveCfg = Release|Any CPU
		{F1B00245-8975-424C-B0CF-6E052E1F890D}.Release|Any CPU.Build.0 = Release|Any CPU
	EndGlobalSection
	GlobalSection(SolutionProperties) = preSolution
		HideSolutionNode = FALSE
	EndGlobalSection
	GlobalSection(ExtensibilityGlobals) = postSolution
		SolutionGuid = {A09ABB1A-0BCB-4563-84F4-4B3691E01040}
	EndGlobalSection
EndGlobal
